// !$*UTF8*$!
{
	archiveVersion = 1;
	classes = {
	};
	objectVersion = 55;
	objects = {

/* Begin PBXBuildFile section */
		5842A7A428F1A5B3005696E0 /* AppDelegate.m in Sources */ = {isa = PBXBuildFile; fileRef = 5842A7A328F1A5B3005696E0 /* AppDelegate.m */; };
		5842A7A728F1A5B3005696E0 /* SceneDelegate.m in Sources */ = {isa = PBXBuildFile; fileRef = 5842A7A628F1A5B3005696E0 /* SceneDelegate.m */; };
		5842A7AA28F1A5B3005696E0 /* ViewController.m in Sources */ = {isa = PBXBuildFile; fileRef = 5842A7A928F1A5B3005696E0 /* ViewController.m */; };
		5842A7AD28F1A5B3005696E0 /* Main.storyboard in Resources */ = {isa = PBXBuildFile; fileRef = 5842A7AB28F1A5B3005696E0 /* Main.storyboard */; };
		5842A7AF28F1A5B4005696E0 /* Assets.xcassets in Resources */ = {isa = PBXBuildFile; fileRef = 5842A7AE28F1A5B4005696E0 /* Assets.xcassets */; };
		5842A7B228F1A5B4005696E0 /* LaunchScreen.storyboard in Resources */ = {isa = PBXBuildFile; fileRef = 5842A7B028F1A5B4005696E0 /* LaunchScreen.storyboard */; };
		5842A7B528F1A5B4005696E0 /* main.m in Sources */ = {isa = PBXBuildFile; fileRef = 5842A7B428F1A5B4005696E0 /* main.m */; };
		5842A7BF28F1A5B4005696E0 /* JSONModel__Tests.m in Sources */ = {isa = PBXBuildFile; fileRef = 5842A7BE28F1A5B4005696E0 /* JSONModel__Tests.m */; };
		5842A7C928F1A5B4005696E0 /* JSONModel__UITests.m in Sources */ = {isa = PBXBuildFile; fileRef = 5842A7C828F1A5B4005696E0 /* JSONModel__UITests.m */; };
		5842A7CB28F1A5B4005696E0 /* JSONModel__UITestsLaunchTests.m in Sources */ = {isa = PBXBuildFile; fileRef = 5842A7CA28F1A5B4005696E0 /* JSONModel__UITestsLaunchTests.m */; };
		5842A7D928F1A675005696E0 /* Manager.m in Sources */ = {isa = PBXBuildFile; fileRef = 5842A7D828F1A675005696E0 /* Manager.m */; };
		5842A7DC28F1A68C005696E0 /* TestModel.m in Sources */ = {isa = PBXBuildFile; fileRef = 5842A7DB28F1A68C005696E0 /* TestModel.m */; };
		86F4EA769028DC18CD6363F0 /* libPods-JSONModel嵌套.a in Frameworks */ = {isa = PBXBuildFile; fileRef = AD0A026E59E7C5D8878C689C /* libPods-JSONModel嵌套.a */; };
/* End PBXBuildFile section */

/* Begin PBXContainerItemProxy section */
		5842A7BB28F1A5B4005696E0 /* PBXContainerItemProxy */ = {
			isa = PBXContainerItemProxy;
			containerPortal = 5842A79728F1A5B3005696E0 /* Project object */;
			proxyType = 1;
			remoteGlobalIDString = 5842A79E28F1A5B3005696E0;
			remoteInfo = "JSONModel嵌套";
		};
		5842A7C528F1A5B4005696E0 /* PBXContainerItemProxy */ = {
			isa = PBXContainerItemProxy;
			containerPortal = 5842A79728F1A5B3005696E0 /* Project object */;
			proxyType = 1;
			remoteGlobalIDString = 5842A79E28F1A5B3005696E0;
			remoteInfo = "JSONModel嵌套";
		};
/* End PBXContainerItemProxy section */

/* Begin PBXFileReference section */
		142622FE7F626862FA399B90 /* Pods-JSONModel嵌套.release.xcconfig */ = {isa = PBXFileReference; includeInIndex = 1; lastKnownFileType = text.xcconfig; name = "Pods-JSONModel嵌套.release.xcconfig"; path = "Target Support Files/Pods-JSONModel嵌套/Pods-JSONModel嵌套.release.xcconfig"; sourceTree = "<group>"; };
		5842A79F28F1A5B3005696E0 /* JSONModel嵌套.app */ = {isa = PBXFileReference; explicitFileType = wrapper.application; includeInIndex = 0; path = "JSONModel嵌套.app"; sourceTree = BUILT_PRODUCTS_DIR; };
		5842A7A228F1A5B3005696E0 /* AppDelegate.h */ = {isa = PBXFileReference; lastKnownFileType = sourcecode.c.h; path = AppDelegate.h; sourceTree = "<group>"; };
		5842A7A328F1A5B3005696E0 /* AppDelegate.m */ = {isa = PBXFileReference; lastKnownFileType = sourcecode.c.objc; path = AppDelegate.m; sourceTree = "<group>"; };
		5842A7A528F1A5B3005696E0 /* SceneDelegate.h */ = {isa = PBXFileReference; lastKnownFileType = sourcecode.c.h; path = SceneDelegate.h; sourceTree = "<group>"; };
		5842A7A628F1A5B3005696E0 /* SceneDelegate.m */ = {isa = PBXFileReference; lastKnownFileType = sourcecode.c.objc; path = SceneDelegate.m; sourceTree = "<group>"; };
		5842A7A828F1A5B3005696E0 /* ViewController.h */ = {isa = PBXFileReference; lastKnownFileType = sourcecode.c.h; path = ViewController.h; sourceTree = "<group>"; };
		5842A7A928F1A5B3005696E0 /* ViewController.m */ = {isa = PBXFileReference; lastKnownFileType = sourcecode.c.objc; path = ViewController.m; sourceTree = "<group>"; };
		5842A7AC28F1A5B3005696E0 /* Base */ = {isa = PBXFileReference; lastKnownFileType = file.storyboard; name = Base; path = Base.lproj/Main.storyboard; sourceTree = "<group>"; };
		5842A7AE28F1A5B4005696E0 /* Assets.xcassets */ = {isa = PBXFileReference; lastKnownFileType = folder.assetcatalog; path = Assets.xcassets; sourceTree = "<group>"; };
		5842A7B128F1A5B4005696E0 /* Base */ = {isa = PBXFileReference; lastKnownFileType = file.storyboard; name = Base; path = Base.lproj/LaunchScreen.storyboard; sourceTree = "<group>"; };
		5842A7B328F1A5B4005696E0 /* Info.plist */ = {isa = PBXFileReference; lastKnownFileType = text.plist.xml; path = Info.plist; sourceTree = "<group>"; };
		5842A7B428F1A5B4005696E0 /* main.m */ = {isa = PBXFileReference; lastKnownFileType = sourcecode.c.objc; path = main.m; sourceTree = "<group>"; };
		5842A7BA28F1A5B4005696E0 /* JSONModel嵌套Tests.xctest */ = {isa = PBXFileReference; explicitFileType = wrapper.cfbundle; includeInIndex = 0; path = "JSONModel嵌套Tests.xctest"; sourceTree = BUILT_PRODUCTS_DIR; };
		5842A7BE28F1A5B4005696E0 /* JSONModel__Tests.m */ = {isa = PBXFileReference; lastKnownFileType = sourcecode.c.objc; path = JSONModel__Tests.m; sourceTree = "<group>"; };
		5842A7C428F1A5B4005696E0 /* JSONModel嵌套UITests.xctest */ = {isa = PBXFileReference; explicitFileType = wrapper.cfbundle; includeInIndex = 0; path = "JSONModel嵌套UITests.xctest"; sourceTree = BUILT_PRODUCTS_DIR; };
		5842A7C828F1A5B4005696E0 /* JSONModel__UITests.m */ = {isa = PBXFileReference; lastKnownFileType = sourcecode.c.objc; path = JSONModel__UITests.m; sourceTree = "<group>"; };
		5842A7CA28F1A5B4005696E0 /* JSONModel__UITestsLaunchTests.m */ = {isa = PBXFileReference; lastKnownFileType = sourcecode.c.objc; path = JSONModel__UITestsLaunchTests.m; sourceTree = "<group>"; };
		5842A7D728F1A675005696E0 /* Manager.h */ = {isa = PBXFileReference; lastKnownFileType = sourcecode.c.h; path = Manager.h; sourceTree = "<group>"; };
		5842A7D828F1A675005696E0 /* Manager.m */ = {isa = PBXFileReference; lastKnownFileType = sourcecode.c.objc; path = Manager.m; sourceTree = "<group>"; };
		5842A7DA28F1A68C005696E0 /* TestModel.h */ = {isa = PBXFileReference; lastKnownFileType = sourcecode.c.h; path = TestModel.h; sourceTree = "<group>"; };
		5842A7DB28F1A68C005696E0 /* TestModel.m */ = {isa = PBXFileReference; lastKnownFileType = sourcecode.c.objc; path = TestModel.m; sourceTree = "<group>"; };
		AD0A026E59E7C5D8878C689C /* libPods-JSONModel嵌套.a */ = {isa = PBXFileReference; explicitFileType = archive.ar; includeInIndex = 0; path = "libPods-JSONModel嵌套.a"; sourceTree = BUILT_PRODUCTS_DIR; };
		B67A7DD5F8D4E2CC8C31B722 /* Pods-JSONModel嵌套.debug.xcconfig */ = {isa = PBXFileReference; includeInIndex = 1; lastKnownFileType = text.xcconfig; name = "Pods-JSONModel嵌套.debug.xcconfig"; path = "Target Support Files/Pods-JSONModel嵌套/Pods-JSONModel嵌套.debug.xcconfig"; sourceTree = "<group>"; };
/* End PBXFileReference section */

/* Begin PBXFrameworksBuildPhase section */
		5842A79C28F1A5B3005696E0 /* Frameworks */ = {
			isa = PBXFrameworksBuildPhase;
			buildActionMask = 2147483647;
			files = (
				86F4EA769028DC18CD6363F0 /* libPods-JSONModel嵌套.a in Frameworks */,
			);
			runOnlyForDeploymentPostprocessing = 0;
		};
		5842A7B728F1A5B4005696E0 /* Frameworks */ = {
			isa = PBXFrameworksBuildPhase;
			buildActionMask = 2147483647;
			files = (
			);
			runOnlyForDeploymentPostprocessing = 0;
		};
		5842A7C128F1A5B4005696E0 /* Frameworks */ = {
			isa = PBXFrameworksBuildPhase;
			buildActionMask = 2147483647;
			files = (
			);
			runOnlyForDeploymentPostprocessing = 0;
		};
/* End PBXFrameworksBuildPhase section */

/* Begin PBXGroup section */
		174F4772D41BBEC3C7C1A3D1 /* Pods */ = {
			isa = PBXGroup;
			children = (
				B67A7DD5F8D4E2CC8C31B722 /* Pods-JSONModel嵌套.debug.xcconfig */,
				142622FE7F626862FA399B90 /* Pods-JSONModel嵌套.release.xcconfig */,
			);
			path = Pods;
			sourceTree = "<group>";
		};
		5842A79628F1A5B3005696E0 = {
			isa = PBXGroup;
			children = (
				5842A7A128F1A5B3005696E0 /* JSONModel嵌套 */,
				5842A7BD28F1A5B4005696E0 /* JSONModel嵌套Tests */,
				5842A7C728F1A5B4005696E0 /* JSONModel嵌套UITests */,
				5842A7A028F1A5B3005696E0 /* Products */,
				174F4772D41BBEC3C7C1A3D1 /* Pods */,
				7AF863AB09822A3F15B573D6 /* Frameworks */,
			);
			sourceTree = "<group>";
		};
		5842A7A028F1A5B3005696E0 /* Products */ = {
			isa = PBXGroup;
			children = (
				5842A79F28F1A5B3005696E0 /* JSONModel嵌套.app */,
				5842A7BA28F1A5B4005696E0 /* JSONModel嵌套Tests.xctest */,
				5842A7C428F1A5B4005696E0 /* JSONModel嵌套UITests.xctest */,
			);
			name = Products;
			sourceTree = "<group>";
		};
		5842A7A128F1A5B3005696E0 /* JSONModel嵌套 */ = {
			isa = PBXGroup;
			children = (
				5842A7A228F1A5B3005696E0 /* AppDelegate.h */,
				5842A7A328F1A5B3005696E0 /* AppDelegate.m */,
				5842A7A528F1A5B3005696E0 /* SceneDelegate.h */,
				5842A7A628F1A5B3005696E0 /* SceneDelegate.m */,
				5842A7A828F1A5B3005696E0 /* ViewController.h */,
				5842A7A928F1A5B3005696E0 /* ViewController.m */,
				5842A7D728F1A675005696E0 /* Manager.h */,
				5842A7D828F1A675005696E0 /* Manager.m */,
				5842A7DA28F1A68C005696E0 /* TestModel.h */,
				5842A7DB28F1A68C005696E0 /* TestModel.m */,
				5842A7AB28F1A5B3005696E0 /* Main.storyboard */,
				5842A7AE28F1A5B4005696E0 /* Assets.xcassets */,
				5842A7B028F1A5B4005696E0 /* LaunchScreen.storyboard */,
				5842A7B328F1A5B4005696E0 /* Info.plist */,
				5842A7B428F1A5B4005696E0 /* main.m */,
			);
			path = "JSONModel嵌套";
			sourceTree = "<group>";
		};
		5842A7BD28F1A5B4005696E0 /* JSONModel嵌套Tests */ = {
			isa = PBXGroup;
			children = (
				5842A7BE28F1A5B4005696E0 /* JSONModel__Tests.m */,
			);
			path = "JSONModel嵌套Tests";
			sourceTree = "<group>";
		};
		5842A7C728F1A5B4005696E0 /* JSONModel嵌套UITests */ = {
			isa = PBXGroup;
			children = (
				5842A7C828F1A5B4005696E0 /* JSONModel__UITests.m */,
				5842A7CA28F1A5B4005696E0 /* JSONModel__UITestsLaunchTests.m */,
			);
			path = "JSONModel嵌套UITests";
			sourceTree = "<group>";
		};
		7AF863AB09822A3F15B573D6 /* Frameworks */ = {
			isa = PBXGroup;
			children = (
				AD0A026E59E7C5D8878C689C /* libPods-JSONModel嵌套.a */,
			);
			name = Frameworks;
			sourceTree = "<group>";
		};
/* End PBXGroup section */

/* Begin PBXNativeTarget section */
		5842A79E28F1A5B3005696E0 /* JSONModel嵌套 */ = {
			isa = PBXNativeTarget;
			buildConfigurationList = 5842A7CE28F1A5B4005696E0 /* Build configuration list for PBXNativeTarget "JSONModel嵌套" */;
			buildPhases = (
				ABB7847B2C934F0F299E9BD6 /* [CP] Check Pods Manifest.lock */,
				5842A79B28F1A5B3005696E0 /* Sources */,
				5842A79C28F1A5B3005696E0 /* Frameworks */,
				5842A79D28F1A5B3005696E0 /* Resources */,
			);
			buildRules = (
			);
			dependencies = (
			);
			name = "JSONModel嵌套";
			productName = "JSONModel嵌套";
			productReference = 5842A79F28F1A5B3005696E0 /* JSONModel嵌套.app */;
			productType = "com.apple.product-type.application";
		};
		5842A7B928F1A5B4005696E0 /* JSONModel嵌套Tests */ = {
			isa = PBXNativeTarget;
			buildConfigurationList = 5842A7D128F1A5B4005696E0 /* Build configuration list for PBXNativeTarget "JSONModel嵌套Tests" */;
			buildPhases = (
				5842A7B628F1A5B4005696E0 /* Sources */,
				5842A7B728F1A5B4005696E0 /* Frameworks */,
				5842A7B828F1A5B4005696E0 /* Resources */,
			);
			buildRules = (
			);
			dependencies = (
				5842A7BC28F1A5B4005696E0 /* PBXTargetDependency */,
			);
			name = "JSONModel嵌套Tests";
			productName = "JSONModel嵌套Tests";
			productReference = 5842A7BA28F1A5B4005696E0 /* JSONModel嵌套Tests.xctest */;
			productType = "com.apple.product-type.bundle.unit-test";
		};
		5842A7C328F1A5B4005696E0 /* JSONModel嵌套UITests */ = {
			isa = PBXNativeTarget;
			buildConfigurationList = 5842A7D428F1A5B4005696E0 /* Build configuration list for PBXNativeTarget "JSONModel嵌套UITests" */;
			buildPhases = (
				5842A7C028F1A5B4005696E0 /* Sources */,
				5842A7C128F1A5B4005696E0 /* Frameworks */,
				5842A7C228F1A5B4005696E0 /* Resources */,
			);
			buildRules = (
			);
			dependencies = (
				5842A7C628F1A5B4005696E0 /* PBXTargetDependency */,
			);
			name = "JSONModel嵌套UITests";
			productName = "JSONModel嵌套UITests";
			productReference = 5842A7C428F1A5B4005696E0 /* JSONModel嵌套UITests.xctest */;
			productType = "com.apple.product-type.bundle.ui-testing";
		};
/* End PBXNativeTarget section */

/* Begin PBXProject section */
		5842A79728F1A5B3005696E0 /* Project object */ = {
			isa = PBXProject;
			attributes = {
				BuildIndependentTargetsInParallel = 1;
				LastUpgradeCheck = 1340;
				TargetAttributes = {
					5842A79E28F1A5B3005696E0 = {
						CreatedOnToolsVersion = 13.4;
					};
					5842A7B928F1A5B4005696E0 = {
						CreatedOnToolsVersion = 13.4;
						TestTargetID = 5842A79E28F1A5B3005696E0;
					};
					5842A7C328F1A5B4005696E0 = {
						CreatedOnToolsVersion = 13.4;
						TestTargetID = 5842A79E28F1A5B3005696E0;
					};
				};
			};
			buildConfigurationList = 5842A79A28F1A5B3005696E0 /* Build configuration list for PBXProject "JSONModel嵌套" */;
			compatibilityVersion = "Xcode 13.0";
			developmentRegion = en;
			hasScannedForEncodings = 0;
			knownRegions = (
				en,
				Base,
			);
			mainGroup = 5842A79628F1A5B3005696E0;
			productRefGroup = 5842A7A028F1A5B3005696E0 /* Products */;
			projectDirPath = "";
			projectRoot = "";
			targets = (
				5842A79E28F1A5B3005696E0 /* JSONModel嵌套 */,
				5842A7B928F1A5B4005696E0 /* JSONModel嵌套Tests */,
				5842A7C328F1A5B4005696E0 /* JSONModel嵌套UITests */,
			);
		};
/* End PBXProject section */

/* Begin PBXResourcesBuildPhase section */
		5842A79D28F1A5B3005696E0 /* Resources */ = {
			isa = PBXResourcesBuildPhase;
			buildActionMask = 2147483647;
			files = (
				5842A7B228F1A5B4005696E0 /* LaunchScreen.storyboard in Resources */,
				5842A7AF28F1A5B4005696E0 /* Assets.xcassets in Resources */,
				5842A7AD28F1A5B3005696E0 /* Main.storyboard in Resources */,
			);
			runOnlyForDeploymentPostprocessing = 0;
		};
		5842A7B828F1A5B4005696E0 /* Resources */ = {
			isa = PBXResourcesBuildPhase;
			buildActionMask = 2147483647;
			files = (
			);
			runOnlyForDeploymentPostprocessing = 0;
		};
		5842A7C228F1A5B4005696E0 /* Resources */ = {
			isa = PBXResourcesBuildPhase;
			buildActionMask = 2147483647;
			files = (
			);
			runOnlyForDeploymentPostprocessing = 0;
		};
/* End PBXResourcesBuildPhase section */

/* Begin PBXShellScriptBuildPhase section */
		ABB7847B2C934F0F299E9BD6 /* [CP] Check Pods Manifest.lock */ = {
			isa = PBXShellScriptBuildPhase;
			buildActionMask = 2147483647;
			files = (
			);
			inputFileListPaths = (
			);
			inputPaths = (
				"${PODS_PODFILE_DIR_PATH}/Podfile.lock",
				"${PODS_ROOT}/Manifest.lock",
			);
			name = "[CP] Check Pods Manifest.lock";
			outputFileListPaths = (
			);
			outputPaths = (
				"$(DERIVED_FILE_DIR)/Pods-JSONModel嵌套-checkManifestLockResult.txt",
			);
			runOnlyForDeploymentPostprocessing = 0;
			shellPath = /bin/sh;
			shellScript = "diff \"${PODS_PODFILE_DIR_PATH}/Podfile.lock\" \"${PODS_ROOT}/Manifest.lock\" > /dev/null\nif [ $? != 0 ] ; then\n    # print error to STDERR\n    echo \"error: The sandbox is not in sync with the Podfile.lock. Run 'pod install' or update your CocoaPods installation.\" >&2\n    exit 1\nfi\n# This output is used by Xcode 'outputs' to avoid re-running this script phase.\necho \"SUCCESS\" > \"${SCRIPT_OUTPUT_FILE_0}\"\n";
			showEnvVarsInLog = 0;
		};
/* End PBXShellScriptBuildPhase section */

/* Begin PBXSourcesBuildPhase section */
		5842A79B28F1A5B3005696E0 /* Sources */ = {
			isa = PBXSourcesBuildPhase;
			buildActionMask = 2147483647;
			files = (
				5842A7AA28F1A5B3005696E0 /* ViewController.m in Sources */,
				5842A7A428F1A5B3005696E0 /* AppDelegate.m in Sources */,
				5842A7B528F1A5B4005696E0 /* main.m in Sources */,
				5842A7DC28F1A68C005696E0 /* TestModel.m in Sources */,
				5842A7D928F1A675005696E0 /* Manager.m in Sources */,
				5842A7A728F1A5B3005696E0 /* SceneDelegate.m in Sources */,
			);
			runOnlyForDeploymentPostprocessing = 0;
		};
		5842A7B628F1A5B4005696E0 /* Sources */ = {
			isa = PBXSourcesBuildPhase;
			buildActionMask = 2147483647;
			files = (
				5842A7BF28F1A5B4005696E0 /* JSONModel__Tests.m in Sources */,
			);
			runOnlyForDeploymentPostprocessing = 0;
		};
		5842A7C028F1A5B4005696E0 /* Sources */ = {
			isa = PBXSourcesBuildPhase;
			buildActionMask = 2147483647;
			files = (
				5842A7CB28F1A5B4005696E0 /* JSONModel__UITestsLaunchTests.m in Sources */,
				5842A7C928F1A5B4005696E0 /* JSONModel__UITests.m in Sources */,
			);
			runOnlyForDeploymentPostprocessing = 0;
		};
/* End PBXSourcesBuildPhase section */

/* Begin PBXTargetDependency section */
		5842A7BC28F1A5B4005696E0 /* PBXTargetDependency */ = {
			isa = PBXTargetDependency;
			target = 5842A79E28F1A5B3005696E0 /* JSONModel嵌套 */;
			targetProxy = 5842A7BB28F1A5B4005696E0 /* PBXContainerItemProxy */;
		};
		5842A7C628F1A5B4005696E0 /* PBXTargetDependency */ = {
			isa = PBXTargetDependency;
			target = 5842A79E28F1A5B3005696E0 /* JSONModel嵌套 */;
			targetProxy = 5842A7C528F1A5B4005696E0 /* PBXContainerItemProxy */;
		};
/* End PBXTargetDependency section */

/* Begin PBXVariantGroup section */
		5842A7AB28F1A5B3005696E0 /* Main.storyboard */ = {
			isa = PBXVariantGroup;
			children = (
				5842A7AC28F1A5B3005696E0 /* Base */,
			);
			name = Main.storyboard;
			sourceTree = "<group>";
		};
		5842A7B028F1A5B4005696E0 /* LaunchScreen.storyboard */ = {
			isa = PBXVariantGroup;
			children = (
				5842A7B128F1A5B4005696E0 /* Base */,
			);
			name = LaunchScreen.storyboard;
			sourceTree = "<group>";
		};
/* End PBXVariantGroup section */

/* Begin XCBuildConfiguration section */
		5842A7CC28F1A5B4005696E0 /* Debug */ = {
			isa = XCBuildConfiguration;
			buildSettings = {
				ALWAYS_SEARCH_USER_PATHS = NO;
				CLANG_ANALYZER_NONNULL = YES;
				CLANG_ANALYZER_NUMBER_OBJECT_CONVERSION = YES_AGGRESSIVE;
				CLANG_CXX_LANGUAGE_STANDARD = "gnu++17";
				CLANG_ENABLE_MODULES = YES;
				CLANG_ENABLE_OBJC_ARC = YES;
				CLANG_ENABLE_OBJC_WEAK = YES;
				CLANG_WARN_BLOCK_CAPTURE_AUTORELEASING = YES;
				CLANG_WARN_BOOL_CONVERSION = YES;
				CLANG_WARN_COMMA = YES;
				CLANG_WARN_CONSTANT_CONVERSION = YES;
				CLANG_WARN_DEPRECATED_OBJC_IMPLEMENTATIONS = YES;
				CLANG_WARN_DIRECT_OBJC_ISA_USAGE = YES_ERROR;
				CLANG_WARN_DOCUMENTATION_COMMENTS = YES;
				CLANG_WARN_EMPTY_BODY = YES;
				CLANG_WARN_ENUM_CONVERSION = YES;
				CLANG_WARN_INFINITE_RECURSION = YES;
				CLANG_WARN_INT_CONVERSION = YES;
				CLANG_WARN_NON_LITERAL_NULL_CONVERSION = YES;
				CLANG_WARN_OBJC_IMPLICIT_RETAIN_SELF = YES;
				CLANG_WARN_OBJC_LITERAL_CONVERSION = YES;
				CLANG_WARN_OBJC_ROOT_CLASS = YES_ERROR;
				CLANG_WARN_QUOTED_INCLUDE_IN_FRAMEWORK_HEADER = YES;
				CLANG_WARN_RANGE_LOOP_ANALYSIS = YES;
				CLANG_WARN_STRICT_PROTOTYPES = YES;
				CLANG_WARN_SUSPICIOUS_MOVE = YES;
				CLANG_WARN_UNGUARDED_AVAILABILITY = YES_AGGRESSIVE;
				CLANG_WARN_UNREACHABLE_CODE = YES;
				CLANG_WARN__DUPLICATE_METHOD_MATCH = YES;
				COPY_PHASE_STRIP = NO;
				DEBUG_INFORMATION_FORMAT = dwarf;
				ENABLE_STRICT_OBJC_MSGSEND = YES;
				ENABLE_TESTABILITY = YES;
				GCC_C_LANGUAGE_STANDARD = gnu11;
				GCC_DYNAMIC_NO_PIC = NO;
				GCC_NO_COMMON_BLOCKS = YES;
				GCC_OPTIMIZATION_LEVEL = 0;
				GCC_PREPROCESSOR_DEFINITIONS = (
					"DEBUG=1",
					"$(inherited)",
				);
				GCC_WARN_64_TO_32_BIT_CONVERSION = YES;
				GCC_WARN_ABOUT_RETURN_TYPE = YES_ERROR;
				GCC_WARN_UNDECLARED_SELECTOR = YES;
				GCC_WARN_UNINITIALIZED_AUTOS = YES_AGGRESSIVE;
				GCC_WARN_UNUSED_FUNCTION = YES;
				GCC_WARN_UNUSED_VARIABLE = YES;
				IPHONEOS_DEPLOYMENT_TARGET = 15.5;
				MTL_ENABLE_DEBUG_INFO = INCLUDE_SOURCE;
				MTL_FAST_MATH = YES;
				ONLY_ACTIVE_ARCH = YES;
				SDKROOT = iphoneos;
			};
			name = Debug;
		};
		5842A7CD28F1A5B4005696E0 /* Release */ = {
			isa = XCBuildConfiguration;
			buildSettings = {
				ALWAYS_SEARCH_USER_PATHS = NO;
				CLANG_ANALYZER_NONNULL = YES;
				CLANG_ANALYZER_NUMBER_OBJECT_CONVERSION = YES_AGGRESSIVE;
				CLANG_CXX_LANGUAGE_STANDARD = "gnu++17";
				CLANG_ENABLE_MODULES = YES;
				CLANG_ENABLE_OBJC_ARC = YES;
				CLANG_ENABLE_OBJC_WEAK = YES;
				CLANG_WARN_BLOCK_CAPTURE_AUTORELEASING = YES;
				CLANG_WARN_BOOL_CONVERSION = YES;
				CLANG_WARN_COMMA = YES;
				CLANG_WARN_CONSTANT_CONVERSION = YES;
				CLANG_WARN_DEPRECATED_OBJC_IMPLEMENTATIONS = YES;
				CLANG_WARN_DIRECT_OBJC_ISA_USAGE = YES_ERROR;
				CLANG_WARN_DOCUMENTATION_COMMENTS = YES;
				CLANG_WARN_EMPTY_BODY = YES;
				CLANG_WARN_ENUM_CONVERSION = YES;
				CLANG_WARN_INFINITE_RECURSION = YES;
				CLANG_WARN_INT_CONVERSION = YES;
				CLANG_WARN_NON_LITERAL_NULL_CONVERSION = YES;
				CLANG_WARN_OBJC_IMPLICIT_RETAIN_SELF = YES;
				CLANG_WARN_OBJC_LITERAL_CONVERSION = YES;
				CLANG_WARN_OBJC_ROOT_CLASS = YES_ERROR;
				CLANG_WARN_QUOTED_INCLUDE_IN_FRAMEWORK_HEADER = YES;
				CLANG_WARN_RANGE_LOOP_ANALYSIS = YES;
				CLANG_WARN_STRICT_PROTOTYPES = YES;
				CLANG_WARN_SUSPICIOUS_MOVE = YES;
				CLANG_WARN_UNGUARDED_AVAILABILITY = YES_AGGRESSIVE;
				CLANG_WARN_UNREACHABLE_CODE = YES;
				CLANG_WARN__DUPLICATE_METHOD_MATCH = YES;
				COPY_PHASE_STRIP = NO;
				DEBUG_INFORMATION_FORMAT = "dwarf-with-dsym";
				ENABLE_NS_ASSERTIONS = NO;
				ENABLE_STRICT_OBJC_MSGSEND = YES;
				GCC_C_LANGUAGE_STANDARD = gnu11;
				GCC_NO_COMMON_BLOCKS = YES;
				GCC_WARN_64_TO_32_BIT_CONVERSION = YES;
				GCC_WARN_ABOUT_RETURN_TYPE = YES_ERROR;
				GCC_WARN_UNDECLARED_SELECTOR = YES;
				GCC_WARN_UNINITIALIZED_AUTOS = YES_AGGRESSIVE;
				GCC_WARN_UNUSED_FUNCTION = YES;
				GCC_WARN_UNUSED_VARIABLE = YES;
				IPHONEOS_DEPLOYMENT_TARGET = 15.5;
				MTL_ENABLE_DEBUG_INFO = NO;
				MTL_FAST_MATH = YES;
				SDKROOT = iphoneos;
				VALIDATE_PRODUCT = YES;
			};
			name = Release;
		};
		5842A7CF28F1A5B4005696E0 /* Debug */ = {
			isa = XCBuildConfiguration;
			baseConfigurationReference = B67A7DD5F8D4E2CC8C31B722 /* Pods-JSONModel嵌套.debug.xcconfig */;
			buildSettings = {
				ASSETCATALOG_COMPILER_APPICON_NAME = AppIcon;
				ASSETCATALOG_COMPILER_GLOBAL_ACCENT_COLOR_NAME = AccentColor;
				CODE_SIGN_STYLE = Automatic;
				CURRENT_PROJECT_VERSION = 1;
				DEVELOPMENT_TEAM = 2K97J7XJC7;
				GENERATE_INFOPLIST_FILE = YES;
				INFOPLIST_FILE = "JSONModel嵌套/Info.plist";
				INFOPLIST_KEY_UIApplicationSupportsIndirectInputEvents = YES;
				INFOPLIST_KEY_UILaunchStoryboardName = LaunchScreen;
				INFOPLIST_KEY_UIMainStoryboardFile = Main;
				INFOPLIST_KEY_UISupportedInterfaceOrientations_iPad = "UIInterfaceOrientationPortrait UIInterfaceOrientationPortraitUpsideDown UIInterfaceOrientationLandscapeLeft UIInterfaceOrientationLandscapeRight";
				INFOPLIST_KEY_UISupportedInterfaceOrientations_iPhone = "UIInterfaceOrientationPortrait UIInterfaceOrientationLandscapeLeft UIInterfaceOrientationLandscapeRight";
				LD_RUNPATH_SEARCH_PATHS = (
					"$(inherited)",
					"@executable_path/Frameworks",
				);
				MARKETING_VERSION = 1.0;
				PRODUCT_BUNDLE_IDENTIFIER = "-.JSONModel--";
				PRODUCT_NAME = "$(TARGET_NAME)";
				SWIFT_EMIT_LOC_STRINGS = YES;
				TARGETED_DEVICE_FAMILY = "1,2";
			};
			name = Debug;
		};
		5842A7D028F1A5B4005696E0 /* Release */ = {
			isa = XCBuildConfiguration;
			baseConfigurationReference = 142622FE7F626862FA399B90 /* Pods-JSONModel嵌套.release.xcconfig */;
			buildSettings = {
				ASSETCATALOG_COMPILER_APPICON_NAME = AppIcon;
				ASSETCATALOG_COMPILER_GLOBAL_ACCENT_COLOR_NAME = AccentColor;
				CODE_SIGN_STYLE = Automatic;
				CURRENT_PROJECT_VERSION = 1;
				DEVELOPMENT_TEAM = 2K97J7XJC7;
				GENERATE_INFOPLIST_FILE = YES;
				INFOPLIST_FILE = "JSONModel嵌套/Info.plist";
				INFOPLIST_KEY_UIApplicationSupportsIndirectInputEvents = YES;
				INFOPLIST_KEY_UILaunchStoryboardName = LaunchScreen;
				INFOPLIST_KEY_UIMainStoryboardFile = Main;
				INFOPLIST_KEY_UISupportedInterfaceOrientations_iPad = "UIInterfaceOrientationPortrait UIInterfaceOrientationPortraitUpsideDown UIInterfaceOrientationLandscapeLeft UIInterfaceOrientationLandscapeRight";
				INFOPLIST_KEY_UISupportedInterfaceOrientations_iPhone = "UIInterfaceOrientationPortrait UIInterfaceOrientationLandscapeLeft UIInterfaceOrientationLandscapeRight";
				LD_RUNPATH_SEARCH_PATHS = (
					"$(inherited)",
					"@executable_path/Frameworks",
				);
				MARKETING_VERSION = 1.0;
				PRODUCT_BUNDLE_IDENTIFIER = "-.JSONModel--";
				PRODUCT_NAME = "$(TARGET_NAME)";
				SWIFT_EMIT_LOC_STRINGS = YES;
				TARGETED_DEVICE_FAMILY = "1,2";
			};
			name = Release;
		};
		5842A7D228F1A5B4005696E0 /* Debug */ = {
			isa = XCBuildConfiguration;
			buildSettings = {
				BUNDLE_LOADER = "$(TEST_HOST)";
				CODE_SIGN_STYLE = Automatic;
				CURRENT_PROJECT_VERSION = 1;
				DEVELOPMENT_TEAM = 2K97J7XJC7;
				GENERATE_INFOPLIST_FILE = YES;
				IPHONEOS_DEPLOYMENT_TARGET = 15.5;
				MARKETING_VERSION = 1.0;
				PRODUCT_BUNDLE_IDENTIFIER = "-.JSONModel--Tests";
				PRODUCT_NAME = "$(TARGET_NAME)";
				SWIFT_EMIT_LOC_STRINGS = NO;
				TARGETED_DEVICE_FAMILY = "1,2";
				TEST_HOST = "$(BUILT_PRODUCTS_DIR)/JSONModel嵌套.app/JSONModel嵌套";
			};
			name = Debug;
		};
		5842A7D328F1A5B4005696E0 /* Release */ = {
			isa = XCBuildConfiguration;
			buildSettings = {
				BUNDLE_LOADER = "$(TEST_HOST)";
				CODE_SIGN_STYLE = Automatic;
				CURRENT_PROJECT_VERSION = 1;
				DEVELOPMENT_TEAM = 2K97J7XJC7;
				GENERATE_INFOPLIST_FILE = YES;
				IPHONEOS_DEPLOYMENT_TARGET = 15.5;
				MARKETING_VERSION = 1.0;
				PRODUCT_BUNDLE_IDENTIFIER = "-.JSONModel--Tests";
				PRODUCT_NAME = "$(TARGET_NAME)";
				SWIFT_EMIT_LOC_STRINGS = NO;
				TARGETED_DEVICE_FAMILY = "1,2";
				TEST_HOST = "$(BUILT_PRODUCTS_DIR)/JSONModel嵌套.app/JSONModel嵌套";
			};
			name = Release;
		};
		5842A7D528F1A5B4005696E0 /* Debug */ = {
			isa = XCBuildConfiguration;
			buildSettings = {
				CODE_SIGN_STYLE = Automatic;
				CURRENT_PROJECT_VERSION = 1;
				DEVELOPMENT_TEAM = 2K97J7XJC7;
				GENERATE_INFOPLIST_FILE = YES;
				MARKETING_VERSION = 1.0;
				PRODUCT_BUNDLE_IDENTIFIER = "-.JSONModel--UITests";
				PRODUCT_NAME = "$(TARGET_NAME)";
				SWIFT_EMIT_LOC_STRINGS = NO;
				TARGETED_DEVICE_FAMILY = "1,2";
				TEST_TARGET_NAME = "JSONModel嵌套";
			};
			name = Debug;
		};
		5842A7D628F1A5B4005696E0 /* Release */ = {
			isa = XCBuildConfiguration;
			buildSettings = {
				CODE_SIGN_STYLE = Automatic;
				CURRENT_PROJECT_VERSION = 1;
				DEVELOPMENT_TEAM = 2K97J7XJC7;
				GENERATE_INFOPLIST_FILE = YES;
				MARKETING_VERSION = 1.0;
				PRODUCT_BUNDLE_IDENTIFIER = "-.JSONModel--UITests";
				PRODUCT_NAME = "$(TARGET_NAME)";
				SWIFT_EMIT_LOC_STRINGS = NO;
				TARGETED_DEVICE_FAMILY = "1,2";
				TEST_TARGET_NAME = "JSONModel嵌套";
			};
			name = Release;
		};
/* End XCBuildConfiguration section */

/* Begin XCConfigurationList section */
		5842A79A28F1A5B3005696E0 /* Build configuration list for PBXProject "JSONModel嵌套" */ = {
			isa = XCConfigurationList;
			buildConfigurations = (
				5842A7CC28F1A5B4005696E0 /* Debug */,
				5842A7CD28F1A5B4005696E0 /* Release */,
			);
			defaultConfigurationIsVisible = 0;
			defaultConfigurationName = Release;
		};
		5842A7CE28F1A5B4005696E0 /* Build configuration list for PBXNativeTarget "JSONModel嵌套" */ = {
			isa = XCConfigurationList;
			buildConfigurations = (
				5842A7CF28F1A5B4005696E0 /* Debug */,
				5842A7D028F1A5B4005696E0 /* Release */,
			);
			defaultConfigurationIsVisible = 0;
			defaultConfigurationName = Release;
		};
		5842A7D128F1A5B4005696E0 /* Build configuration list for PBXNativeTarget "JSONModel嵌套Tests" */ = {
			isa = XCConfigurationList;
			buildConfigurations = (
				5842A7D228F1A5B4005696E0 /* Debug */,
				5842A7D328F1A5B4005696E0 /* Release */,
			);
			defaultConfigurationIsVisible = 0;
			defaultConfigurationName = Release;
		};
		5842A7D428F1A5B4005696E0 /* Build configuration list for PBXNativeTarget "JSONModel嵌套UITests" */ = {
			isa = XCConfigurationList;
			buildConfigurations = (
				5842A7D528F1A5B4005696E0 /* Debug */,
				5842A7D628F1A5B4005696E0 /* Release */,
			);
			defaultConfigurationIsVisible = 0;
			defaultConfigurationName = Release;
		};
/* End XCConfigurationList section */
	};
	rootObject = 5842A79728F1A5B3005696E0 /* Project object */;
}
